{
  "object": {
    "pins": [
      {
        "package": "CSSH",
        "repositoryURL": "https://github.com/TheTekton337/Libssh2Prebuild.git",
        "state": {
          "branch": null,
          "revision": "e4042762ed3f9d86d8f22caa69c8e2cc1e3750bf",
          "version": "1.11.0"
        }
      }
    ]
  },
  "version": 1
}
