{
  "originHash" : "6322bf1657115f1e9bfc5afdf7b9eb6b9157ac81b3b3c567e8de14e5792ed067",
  "pins" : [
    {
      "identity" : "libssh2prebuild",
      "kind" : "remoteSourceControl",
      "location" : "https://github.com/TheTekton337/Libssh2Prebuild.git",
      "state" : {
        "revision" : "e4042762ed3f9d86d8f22caa69c8e2cc1e3750bf",
        "version" : "1.11.0"
      }
    },
    {
      "identity" : "swiftsh",
      "kind" : "remoteSourceControl",
      "location" : "https://github.com/TheTekton337/SwiftSH",
      "state" : {
        "branch" : "master",
        "revision" : "94298fe75768f11f37091adf12101bffb0a00349"
      }
    }
  ],
  "version" : 3
}
